
Microsoft Visual Studio Solution File, Format Version 12.00
# Visual Studio Version 16
VisualStudioVersion = 16.0.32802.440
MinimumVisualStudioVersion = 10.0.40219.1
Project("{FAE04EC0-301F-11D3-BF4B-00C04F79EFBC}") = "Multi_Propiedades", "Multi_Propiedades\Multi_Propiedades.csproj", "{B02102D8-901C-4FD2-A474-347581C812E0}"
EndProject
Global
	GlobalSection(SolutionConfigurationPlatforms) = preSolution
		Debug|Any CPU = Debug|Any CPU
		Release|Any CPU = Release|Any CPU
	EndGlobalSection
	GlobalSection(ProjectConfigurationPlatforms) = postSolution
		{B02102D8-901C-4FD2-A474-347581C812E0}.Debug|Any CPU.ActiveCfg = Debug|Any CPU
		{B02102D8-901C-4FD2-A474-347581C812E0}.Debug|Any CPU.Build.0 = Debug|Any CPU
		{B02102D8-901C-4FD2-A474-347581C812E0}.Release|Any CPU.ActiveCfg = Release|Any CPU
		{B02102D8-901C-4FD2-A474-347581C812E0}.Release|Any CPU.Build.0 = Release|Any CPU
	EndGlobalSection
	GlobalSection(SolutionProperties) = preSolution
		HideSolutionNode = FALSE
	EndGlobalSection
	GlobalSection(ExtensibilityGlobals) = postSolution
		SolutionGuid = {2940C11B-0376-4A7E-9FE2-F60D073BE200}
	EndGlobalSection
EndGlobal
